
Microsoft Visual Studio Solution File, Format Version 12.00
# Visual Studio 15
VisualStudioVersion = 15.0.27703.2026
MinimumVisualStudioVersion = 10.0.40219.1
Project("{8BC9CEB8-8B4A-11D0-8D11-00A0C91BC942}") = "MIPDisassembler", "MIPDisassembler\MIPDisassembler.vcxproj", "{E24E9934-FBFC-4969-A48D-F5A3A24F59E1}"
EndProject
Global
	GlobalSection(SolutionConfigurationPlatforms) = preSolution
		Debug|x64 = Debug|x64
		Debug|x86 = Debug|x86
		Release|x64 = Release|x64
		Release|x86 = Release|x86
	EndGlobalSection
	GlobalSection(ProjectConfigurationPlatforms) = postSolution
		{E24E9934-FBFC-4969-A48D-F5A3A24F59E1}.Debug|x64.ActiveCfg = Debug|x64
		{E24E9934-FBFC-4969-A48D-F5A3A24F59E1}.Debug|x64.Build.0 = Debug|x64
		{E24E9934-FBFC-4969-A48D-F5A3A24F59E1}.Debug|x86.ActiveCfg = Debug|Win32
		{E24E9934-FBFC-4969-A48D-F5A3A24F59E1}.Debug|x86.Build.0 = Debug|Win32
		{E24E9934-FBFC-4969-A48D-F5A3A24F59E1}.Release|x64.ActiveCfg = Release|x64
		{E24E9934-FBFC-4969-A48D-F5A3A24F59E1}.Release|x64.Build.0 = Release|x64
		{E24E9934-FBFC-4969-A48D-F5A3A24F59E1}.Release|x86.ActiveCfg = Release|Win32
		{E24E9934-FBFC-4969-A48D-F5A3A24F59E1}.Release|x86.Build.0 = Release|Win32
	EndGlobalSection
	GlobalSection(SolutionProperties) = preSolution
		HideSolutionNode = FALSE
	EndGlobalSection
	GlobalSection(ExtensibilityGlobals) = postSolution
		SolutionGuid = {F62C610E-9CF0-4DF6-9EFD-448BEA9D75EA}
	EndGlobalSection
EndGlobal
